
Microsoft Visual Studio Solution File, Format Version 12.00
# Visual Studio Version 16
VisualStudioVersion = 16.0.28917.181
MinimumVisualStudioVersion = 10.0.40219.1
Project("{FAE04EC0-301F-11D3-BF4B-00C04F79EFBC}") = "ContaBancaria_EstudoEncapsulamento", "ContaBancaria_EstudoEncapsulamento\ContaBancaria_EstudoEncapsulamento.csproj", "{CD312D6A-BDA9-42BE-B543-15B9E0022FD9}"
EndProject
Global
	GlobalSection(SolutionConfigurationPlatforms) = preSolution
		Debug|Any CPU = Debug|Any CPU
		Release|Any CPU = Release|Any CPU
	EndGlobalSection
	GlobalSection(ProjectConfigurationPlatforms) = postSolution
		{CD312D6A-BDA9-42BE-B543-15B9E0022FD9}.Debug|Any CPU.ActiveCfg = Debug|Any CPU
		{CD312D6A-BDA9-42BE-B543-15B9E0022FD9}.Debug|Any CPU.Build.0 = Debug|Any CPU
		{CD312D6A-BDA9-42BE-B543-15B9E0022FD9}.Release|Any CPU.ActiveCfg = Release|Any CPU
		{CD312D6A-BDA9-42BE-B543-15B9E0022FD9}.Release|Any CPU.Build.0 = Release|Any CPU
	EndGlobalSection
	GlobalSection(SolutionProperties) = preSolution
		HideSolutionNode = FALSE
	EndGlobalSection
	GlobalSection(ExtensibilityGlobals) = postSolution
		SolutionGuid = {C540ECD0-4A24-4AD1-AD49-8A20D37C0443}
	EndGlobalSection
EndGlobal
